// !$*UTF8*$!
{
	archiveVersion = 1;
	classes = {
	};
	objectVersion = 56;
	objects = {

/* Begin PBXBuildFile section */
		A49A1A4A298CB81E00A2BA28 /* AppDelegate.swift in Sources */ = {isa = PBXBuildFile; fileRef = A49A1A49298CB81E00A2BA28 /* AppDelegate.swift */; };
		A49A1A4C298CB81E00A2BA28 /* SceneDelegate.swift in Sources */ = {isa = PBXBuildFile; fileRef = A49A1A4B298CB81E00A2BA28 /* SceneDelegate.swift */; };
		A49A1A4E298CB81E00A2BA28 /* ViewController.swift in Sources */ = {isa = PBXBuildFile; fileRef = A49A1A4D298CB81E00A2BA28 /* ViewController.swift */; };
		A49A1A51298CB81E00A2BA28 /* Main.storyboard in Resources */ = {isa = PBXBuildFile; fileRef = A49A1A4F298CB81E00A2BA28 /* Main.storyboard */; };
		A49A1A53298CB81E00A2BA28 /* Assets.xcassets in Resources */ = {isa = PBXBuildFile; fileRef = A49A1A52298CB81E00A2BA28 /* Assets.xcassets */; };
		A49A1A56298CB81E00A2BA28 /* LaunchScreen.storyboard in Resources */ = {isa = PBXBuildFile; fileRef = A49A1A54298CB81E00A2BA28 /* LaunchScreen.storyboard */; };
		A49A1A61298CB9C300A2BA28 /* Account.swift in Sources */ = {isa = PBXBuildFile; fileRef = A49A1A60298CB9C300A2BA28 /* Account.swift */; };
		A49A1A63298CBB5500A2BA28 /* Car.swift in Sources */ = {isa = PBXBuildFile; fileRef = A49A1A62298CBB5500A2BA28 /* Car.swift */; };
		A49A1A65298CBC0A00A2BA28 /* Payment.swift in Sources */ = {isa = PBXBuildFile; fileRef = A49A1A64298CBC0A00A2BA28 /* Payment.swift */; };
		A49A1A67298CBC4500A2BA28 /* Route.swift in Sources */ = {isa = PBXBuildFile; fileRef = A49A1A66298CBC4500A2BA28 /* Route.swift */; };
		A49A2C0D29ADC57B00619FAE /* UberX.swift in Sources */ = {isa = PBXBuildFile; fileRef = A49A2C0C29ADC57B00619FAE /* UberX.swift */; };
		A49A2C0F29ADC6AF00619FAE /* UberPool.swift in Sources */ = {isa = PBXBuildFile; fileRef = A49A2C0E29ADC6AF00619FAE /* UberPool.swift */; };
		A49A2C1129ADC6C400619FAE /* UberBlack.swift in Sources */ = {isa = PBXBuildFile; fileRef = A49A2C1029ADC6C400619FAE /* UberBlack.swift */; };
		A49A2C1329ADC86500619FAE /* UberVan.swift in Sources */ = {isa = PBXBuildFile; fileRef = A49A2C1229ADC86500619FAE /* UberVan.swift */; };
/* End PBXBuildFile section */

/* Begin PBXFileReference section */
		A49A1A46298CB81E00A2BA28 /* UberPOO.app */ = {isa = PBXFileReference; explicitFileType = wrapper.application; includeInIndex = 0; path = UberPOO.app; sourceTree = BUILT_PRODUCTS_DIR; };
		A49A1A49298CB81E00A2BA28 /* AppDelegate.swift */ = {isa = PBXFileReference; lastKnownFileType = sourcecode.swift; path = AppDelegate.swift; sourceTree = "<group>"; };
		A49A1A4B298CB81E00A2BA28 /* SceneDelegate.swift */ = {isa = PBXFileReference; lastKnownFileType = sourcecode.swift; path = SceneDelegate.swift; sourceTree = "<group>"; };
		A49A1A4D298CB81E00A2BA28 /* ViewController.swift */ = {isa = PBXFileReference; lastKnownFileType = sourcecode.swift; path = ViewController.swift; sourceTree = "<group>"; };
		A49A1A50298CB81E00A2BA28 /* Base */ = {isa = PBXFileReference; lastKnownFileType = file.storyboard; name = Base; path = Base.lproj/Main.storyboard; sourceTree = "<group>"; };
		A49A1A52298CB81E00A2BA28 /* Assets.xcassets */ = {isa = PBXFileReference; lastKnownFileType = folder.assetcatalog; path = Assets.xcassets; sourceTree = "<group>"; };
		A49A1A55298CB81E00A2BA28 /* Base */ = {isa = PBXFileReference; lastKnownFileType = file.storyboard; name = Base; path = Base.lproj/LaunchScreen.storyboard; sourceTree = "<group>"; };
		A49A1A57298CB81E00A2BA28 /* Info.plist */ = {isa = PBXFileReference; lastKnownFileType = text.plist.xml; path = Info.plist; sourceTree = "<group>"; };
		A49A1A60298CB9C300A2BA28 /* Account.swift */ = {isa = PBXFileReference; lastKnownFileType = sourcecode.swift; path = Account.swift; sourceTree = "<group>"; };
		A49A1A62298CBB5500A2BA28 /* Car.swift */ = {isa = PBXFileReference; lastKnownFileType = sourcecode.swift; path = Car.swift; sourceTree = "<group>"; };
		A49A1A64298CBC0A00A2BA28 /* Payment.swift */ = {isa = PBXFileReference; lastKnownFileType = sourcecode.swift; path = Payment.swift; sourceTree = "<group>"; };
		A49A1A66298CBC4500A2BA28 /* Route.swift */ = {isa = PBXFileReference; lastKnownFileType = sourcecode.swift; path = Route.swift; sourceTree = "<group>"; };
		A49A2C0C29ADC57B00619FAE /* UberX.swift */ = {isa = PBXFileReference; lastKnownFileType = sourcecode.swift; path = UberX.swift; sourceTree = "<group>"; };
		A49A2C0E29ADC6AF00619FAE /* UberPool.swift */ = {isa = PBXFileReference; lastKnownFileType = sourcecode.swift; path = UberPool.swift; sourceTree = "<group>"; };
		A49A2C1029ADC6C400619FAE /* UberBlack.swift */ = {isa = PBXFileReference; lastKnownFileType = sourcecode.swift; path = UberBlack.swift; sourceTree = "<group>"; };
		A49A2C1229ADC86500619FAE /* UberVan.swift */ = {isa = PBXFileReference; lastKnownFileType = sourcecode.swift; path = UberVan.swift; sourceTree = "<group>"; };
/* End PBXFileReference section */

/* Begin PBXFrameworksBuildPhase section */
		A49A1A43298CB81E00A2BA28 /* Frameworks */ = {
			isa = PBXFrameworksBuildPhase;
			buildActionMask = 2147483647;
			files = (
			);
			runOnlyForDeploymentPostprocessing = 0;
		};
/* End PBXFrameworksBuildPhase section */

/* Begin PBXGroup section */
		A49A1A3D298CB81E00A2BA28 = {
			isa = PBXGroup;
			children = (
				A49A1A48298CB81E00A2BA28 /* UberPOO */,
				A49A1A47298CB81E00A2BA28 /* Products */,
			);
			sourceTree = "<group>";
		};
		A49A1A47298CB81E00A2BA28 /* Products */ = {
			isa = PBXGroup;
			children = (
				A49A1A46298CB81E00A2BA28 /* UberPOO.app */,
			);
			name = Products;
			sourceTree = "<group>";
		};
		A49A1A48298CB81E00A2BA28 /* UberPOO */ = {
			isa = PBXGroup;
			children = (
				A49A1A5F298CB94500A2BA28 /* Models */,
				A49A1A5E298CB8DB00A2BA28 /* Assets */,
				A49A1A5D298CB8C400A2BA28 /* SupportingFiles */,
				A49A1A4D298CB81E00A2BA28 /* ViewController.swift */,
				A49A1A4F298CB81E00A2BA28 /* Main.storyboard */,
				A49A1A57298CB81E00A2BA28 /* Info.plist */,
			);
			path = UberPOO;
			sourceTree = "<group>";
		};
		A49A1A5D298CB8C400A2BA28 /* SupportingFiles */ = {
			isa = PBXGroup;
			children = (
				A49A1A49298CB81E00A2BA28 /* AppDelegate.swift */,
				A49A1A4B298CB81E00A2BA28 /* SceneDelegate.swift */,
				A49A1A54298CB81E00A2BA28 /* LaunchScreen.storyboard */,
			);
			path = SupportingFiles;
			sourceTree = "<group>";
		};
		A49A1A5E298CB8DB00A2BA28 /* Assets */ = {
			isa = PBXGroup;
			children = (
				A49A1A52298CB81E00A2BA28 /* Assets.xcassets */,
			);
			path = Assets;
			sourceTree = "<group>";
		};
		A49A1A5F298CB94500A2BA28 /* Models */ = {
			isa = PBXGroup;
			children = (
				A49A1A60298CB9C300A2BA28 /* Account.swift */,
				A49A1A62298CBB5500A2BA28 /* Car.swift */,
				A49A1A64298CBC0A00A2BA28 /* Payment.swift */,
				A49A1A66298CBC4500A2BA28 /* Route.swift */,
				A49A2C0C29ADC57B00619FAE /* UberX.swift */,
				A49A2C0E29ADC6AF00619FAE /* UberPool.swift */,
				A49A2C1029ADC6C400619FAE /* UberBlack.swift */,
				A49A2C1229ADC86500619FAE /* UberVan.swift */,
			);
			path = Models;
			sourceTree = "<group>";
		};
/* End PBXGroup section */

/* Begin PBXNativeTarget section */
		A49A1A45298CB81E00A2BA28 /* UberPOO */ = {
			isa = PBXNativeTarget;
			buildConfigurationList = A49A1A5A298CB81E00A2BA28 /* Build configuration list for PBXNativeTarget "UberPOO" */;
			buildPhases = (
				A49A1A42298CB81E00A2BA28 /* Sources */,
				A49A1A43298CB81E00A2BA28 /* Frameworks */,
				A49A1A44298CB81E00A2BA28 /* Resources */,
			);
			buildRules = (
			);
			dependencies = (
			);
			name = UberPOO;
			productName = UberPOO;
			productReference = A49A1A46298CB81E00A2BA28 /* UberPOO.app */;
			productType = "com.apple.product-type.application";
		};
/* End PBXNativeTarget section */

/* Begin PBXProject section */
		A49A1A3E298CB81E00A2BA28 /* Project object */ = {
			isa = PBXProject;
			attributes = {
				BuildIndependentTargetsInParallel = 1;
				LastSwiftUpdateCheck = 1420;
				LastUpgradeCheck = 1420;
				TargetAttributes = {
					A49A1A45298CB81E00A2BA28 = {
						CreatedOnToolsVersion = 14.2;
					};
				};
			};
			buildConfigurationList = A49A1A41298CB81E00A2BA28 /* Build configuration list for PBXProject "UberPOO" */;
			compatibilityVersion = "Xcode 14.0";
			developmentRegion = en;
			hasScannedForEncodings = 0;
			knownRegions = (
				en,
				Base,
			);
			mainGroup = A49A1A3D298CB81E00A2BA28;
			productRefGroup = A49A1A47298CB81E00A2BA28 /* Products */;
			projectDirPath = "";
			projectRoot = "";
			targets = (
				A49A1A45298CB81E00A2BA28 /* UberPOO */,
			);
		};
/* End PBXProject section */

/* Begin PBXResourcesBuildPhase section */
		A49A1A44298CB81E00A2BA28 /* Resources */ = {
			isa = PBXResourcesBuildPhase;
			buildActionMask = 2147483647;
			files = (
				A49A1A56298CB81E00A2BA28 /* LaunchScreen.storyboard in Resources */,
				A49A1A53298CB81E00A2BA28 /* Assets.xcassets in Resources */,
				A49A1A51298CB81E00A2BA28 /* Main.storyboard in Resources */,
			);
			runOnlyForDeploymentPostprocessing = 0;
		};
/* End PBXResourcesBuildPhase section */

/* Begin PBXSourcesBuildPhase section */
		A49A1A42298CB81E00A2BA28 /* Sources */ = {
			isa = PBXSourcesBuildPhase;
			buildActionMask = 2147483647;
			files = (
				A49A1A4E298CB81E00A2BA28 /* ViewController.swift in Sources */,
				A49A2C1329ADC86500619FAE /* UberVan.swift in Sources */,
				A49A1A61298CB9C300A2BA28 /* Account.swift in Sources */,
				A49A1A63298CBB5500A2BA28 /* Car.swift in Sources */,
				A49A1A4A298CB81E00A2BA28 /* AppDelegate.swift in Sources */,
				A49A2C0D29ADC57B00619FAE /* UberX.swift in Sources */,
				A49A2C1129ADC6C400619FAE /* UberBlack.swift in Sources */,
				A49A1A65298CBC0A00A2BA28 /* Payment.swift in Sources */,
				A49A2C0F29ADC6AF00619FAE /* UberPool.swift in Sources */,
				A49A1A67298CBC4500A2BA28 /* Route.swift in Sources */,
				A49A1A4C298CB81E00A2BA28 /* SceneDelegate.swift in Sources */,
			);
			runOnlyForDeploymentPostprocessing = 0;
		};
/* End PBXSourcesBuildPhase section */

/* Begin PBXVariantGroup section */
		A49A1A4F298CB81E00A2BA28 /* Main.storyboard */ = {
			isa = PBXVariantGroup;
			children = (
				A49A1A50298CB81E00A2BA28 /* Base */,
			);
			name = Main.storyboard;
			sourceTree = "<group>";
		};
		A49A1A54298CB81E00A2BA28 /* LaunchScreen.storyboard */ = {
			isa = PBXVariantGroup;
			children = (
				A49A1A55298CB81E00A2BA28 /* Base */,
			);
			name = LaunchScreen.storyboard;
			sourceTree = "<group>";
		};
/* End PBXVariantGroup section */

/* Begin XCBuildConfiguration section */
		A49A1A58298CB81E00A2BA28 /* Debug */ = {
			isa = XCBuildConfiguration;
			buildSettings = {
				ALWAYS_SEARCH_USER_PATHS = NO;
				CLANG_ANALYZER_NONNULL = YES;
				CLANG_ANALYZER_NUMBER_OBJECT_CONVERSION = YES_AGGRESSIVE;
				CLANG_CXX_LANGUAGE_STANDARD = "gnu++20";
				CLANG_ENABLE_MODULES = YES;
				CLANG_ENABLE_OBJC_ARC = YES;
				CLANG_ENABLE_OBJC_WEAK = YES;
				CLANG_WARN_BLOCK_CAPTURE_AUTORELEASING = YES;
				CLANG_WARN_BOOL_CONVERSION = YES;
				CLANG_WARN_COMMA = YES;
				CLANG_WARN_CONSTANT_CONVERSION = YES;
				CLANG_WARN_DEPRECATED_OBJC_IMPLEMENTATIONS = YES;
				CLANG_WARN_DIRECT_OBJC_ISA_USAGE = YES_ERROR;
				CLANG_WARN_DOCUMENTATION_COMMENTS = YES;
				CLANG_WARN_EMPTY_BODY = YES;
				CLANG_WARN_ENUM_CONVERSION = YES;
				CLANG_WARN_INFINITE_RECURSION = YES;
				CLANG_WARN_INT_CONVERSION = YES;
				CLANG_WARN_NON_LITERAL_NULL_CONVERSION = YES;
				CLANG_WARN_OBJC_IMPLICIT_RETAIN_SELF = YES;
				CLANG_WARN_OBJC_LITERAL_CONVERSION = YES;
				CLANG_WARN_OBJC_ROOT_CLASS = YES_ERROR;
				CLANG_WARN_QUOTED_INCLUDE_IN_FRAMEWORK_HEADER = YES;
				CLANG_WARN_RANGE_LOOP_ANALYSIS = YES;
				CLANG_WARN_STRICT_PROTOTYPES = YES;
				CLANG_WARN_SUSPICIOUS_MOVE = YES;
				CLANG_WARN_UNGUARDED_AVAILABILITY = YES_AGGRESSIVE;
				CLANG_WARN_UNREACHABLE_CODE = YES;
				CLANG_WARN__DUPLICATE_METHOD_MATCH = YES;
				COPY_PHASE_STRIP = NO;
				DEBUG_INFORMATION_FORMAT = dwarf;
				ENABLE_STRICT_OBJC_MSGSEND = YES;
				ENABLE_TESTABILITY = YES;
				GCC_C_LANGUAGE_STANDARD = gnu11;
				GCC_DYNAMIC_NO_PIC = NO;
				GCC_NO_COMMON_BLOCKS = YES;
				GCC_OPTIMIZATION_LEVEL = 0;
				GCC_PREPROCESSOR_DEFINITIONS = (
					"DEBUG=1",
					"$(inherited)",
				);
				GCC_WARN_64_TO_32_BIT_CONVERSION = YES;
				GCC_WARN_ABOUT_RETURN_TYPE = YES_ERROR;
				GCC_WARN_UNDECLARED_SELECTOR = YES;
				GCC_WARN_UNINITIALIZED_AUTOS = YES_AGGRESSIVE;
				GCC_WARN_UNUSED_FUNCTION = YES;
				GCC_WARN_UNUSED_VARIABLE = YES;
				IPHONEOS_DEPLOYMENT_TARGET = 16.2;
				MTL_ENABLE_DEBUG_INFO = INCLUDE_SOURCE;
				MTL_FAST_MATH = YES;
				ONLY_ACTIVE_ARCH = YES;
				SDKROOT = iphoneos;
				SWIFT_ACTIVE_COMPILATION_CONDITIONS = DEBUG;
				SWIFT_OPTIMIZATION_LEVEL = "-Onone";
			};
			name = Debug;
		};
		A49A1A59298CB81E00A2BA28 /* Release */ = {
			isa = XCBuildConfiguration;
			buildSettings = {
				ALWAYS_SEARCH_USER_PATHS = NO;
				CLANG_ANALYZER_NONNULL = YES;
				CLANG_ANALYZER_NUMBER_OBJECT_CONVERSION = YES_AGGRESSIVE;
				CLANG_CXX_LANGUAGE_STANDARD = "gnu++20";
				CLANG_ENABLE_MODULES = YES;
				CLANG_ENABLE_OBJC_ARC = YES;
				CLANG_ENABLE_OBJC_WEAK = YES;
				CLANG_WARN_BLOCK_CAPTURE_AUTORELEASING = YES;
				CLANG_WARN_BOOL_CONVERSION = YES;
				CLANG_WARN_COMMA = YES;
				CLANG_WARN_CONSTANT_CONVERSION = YES;
				CLANG_WARN_DEPRECATED_OBJC_IMPLEMENTATIONS = YES;
				CLANG_WARN_DIRECT_OBJC_ISA_USAGE = YES_ERROR;
				CLANG_WARN_DOCUMENTATION_COMMENTS = YES;
				CLANG_WARN_EMPTY_BODY = YES;
				CLANG_WARN_ENUM_CONVERSION = YES;
				CLANG_WARN_INFINITE_RECURSION = YES;
				CLANG_WARN_INT_CONVERSION = YES;
				CLANG_WARN_NON_LITERAL_NULL_CONVERSION = YES;
				CLANG_WARN_OBJC_IMPLICIT_RETAIN_SELF = YES;
				CLANG_WARN_OBJC_LITERAL_CONVERSION = YES;
				CLANG_WARN_OBJC_ROOT_CLASS = YES_ERROR;
				CLANG_WARN_QUOTED_INCLUDE_IN_FRAMEWORK_HEADER = YES;
				CLANG_WARN_RANGE_LOOP_ANALYSIS = YES;
				CLANG_WARN_STRICT_PROTOTYPES = YES;
				CLANG_WARN_SUSPICIOUS_MOVE = YES;
				CLANG_WARN_UNGUARDED_AVAILABILITY = YES_AGGRESSIVE;
				CLANG_WARN_UNREACHABLE_CODE = YES;
				CLANG_WARN__DUPLICATE_METHOD_MATCH = YES;
				COPY_PHASE_STRIP = NO;
				DEBUG_INFORMATION_FORMAT = "dwarf-with-dsym";
				ENABLE_NS_ASSERTIONS = NO;
				ENABLE_STRICT_OBJC_MSGSEND = YES;
				GCC_C_LANGUAGE_STANDARD = gnu11;
				GCC_NO_COMMON_BLOCKS = YES;
				GCC_WARN_64_TO_32_BIT_CONVERSION = YES;
				GCC_WARN_ABOUT_RETURN_TYPE = YES_ERROR;
				GCC_WARN_UNDECLARED_SELECTOR = YES;
				GCC_WARN_UNINITIALIZED_AUTOS = YES_AGGRESSIVE;
				GCC_WARN_UNUSED_FUNCTION = YES;
				GCC_WARN_UNUSED_VARIABLE = YES;
				IPHONEOS_DEPLOYMENT_TARGET = 16.2;
				MTL_ENABLE_DEBUG_INFO = NO;
				MTL_FAST_MATH = YES;
				SDKROOT = iphoneos;
				SWIFT_COMPILATION_MODE = wholemodule;
				SWIFT_OPTIMIZATION_LEVEL = "-O";
				VALIDATE_PRODUCT = YES;
			};
			name = Release;
		};
		A49A1A5B298CB81E00A2BA28 /* Debug */ = {
			isa = XCBuildConfiguration;
			buildSettings = {
				ASSETCATALOG_COMPILER_APPICON_NAME = AppIcon;
				ASSETCATALOG_COMPILER_GLOBAL_ACCENT_COLOR_NAME = AccentColor;
				CODE_SIGN_STYLE = Automatic;
				CURRENT_PROJECT_VERSION = 1;
				DEVELOPMENT_TEAM = W8UT8UK49Y;
				GENERATE_INFOPLIST_FILE = YES;
				INFOPLIST_FILE = UberPOO/Info.plist;
				INFOPLIST_KEY_UIApplicationSupportsIndirectInputEvents = YES;
				INFOPLIST_KEY_UILaunchStoryboardName = LaunchScreen;
				INFOPLIST_KEY_UIMainStoryboardFile = Main;
				INFOPLIST_KEY_UISupportedInterfaceOrientations_iPad = "UIInterfaceOrientationPortrait UIInterfaceOrientationPortraitUpsideDown UIInterfaceOrientationLandscapeLeft UIInterfaceOrientationLandscapeRight";
				INFOPLIST_KEY_UISupportedInterfaceOrientations_iPhone = "UIInterfaceOrientationPortrait UIInterfaceOrientationLandscapeLeft UIInterfaceOrientationLandscapeRight";
				LD_RUNPATH_SEARCH_PATHS = (
					"$(inherited)",
					"@executable_path/Frameworks",
				);
				MARKETING_VERSION = 1.0;
				PRODUCT_BUNDLE_IDENTIFIER = com.olascoaga.UberPOO;
				PRODUCT_NAME = "$(TARGET_NAME)";
				SWIFT_EMIT_LOC_STRINGS = YES;
				SWIFT_VERSION = 5.0;
				TARGETED_DEVICE_FAMILY = "1,2";
			};
			name = Debug;
		};
		A49A1A5C298CB81E00A2BA28 /* Release */ = {
			isa = XCBuildConfiguration;
			buildSettings = {
				ASSETCATALOG_COMPILER_APPICON_NAME = AppIcon;
				ASSETCATALOG_COMPILER_GLOBAL_ACCENT_COLOR_NAME = AccentColor;
				CODE_SIGN_STYLE = Automatic;
				CURRENT_PROJECT_VERSION = 1;
				DEVELOPMENT_TEAM = W8UT8UK49Y;
				GENERATE_INFOPLIST_FILE = YES;
				INFOPLIST_FILE = UberPOO/Info.plist;
				INFOPLIST_KEY_UIApplicationSupportsIndirectInputEvents = YES;
				INFOPLIST_KEY_UILaunchStoryboardName = LaunchScreen;
				INFOPLIST_KEY_UIMainStoryboardFile = Main;
				INFOPLIST_KEY_UISupportedInterfaceOrientations_iPad = "UIInterfaceOrientationPortrait UIInterfaceOrientationPortraitUpsideDown UIInterfaceOrientationLandscapeLeft UIInterfaceOrientationLandscapeRight";
				INFOPLIST_KEY_UISupportedInterfaceOrientations_iPhone = "UIInterfaceOrientationPortrait UIInterfaceOrientationLandscapeLeft UIInterfaceOrientationLandscapeRight";
				LD_RUNPATH_SEARCH_PATHS = (
					"$(inherited)",
					"@executable_path/Frameworks",
				);
				MARKETING_VERSION = 1.0;
				PRODUCT_BUNDLE_IDENTIFIER = com.olascoaga.UberPOO;
				PRODUCT_NAME = "$(TARGET_NAME)";
				SWIFT_EMIT_LOC_STRINGS = YES;
				SWIFT_VERSION = 5.0;
				TARGETED_DEVICE_FAMILY = "1,2";
			};
			name = Release;
		};
/* End XCBuildConfiguration section */

/* Begin XCConfigurationList section */
		A49A1A41298CB81E00A2BA28 /* Build configuration list for PBXProject "UberPOO" */ = {
			isa = XCConfigurationList;
			buildConfigurations = (
				A49A1A58298CB81E00A2BA28 /* Debug */,
				A49A1A59298CB81E00A2BA28 /* Release */,
			);
			defaultConfigurationIsVisible = 0;
			defaultConfigurationName = Release;
		};
		A49A1A5A298CB81E00A2BA28 /* Build configuration list for PBXNativeTarget "UberPOO" */ = {
			isa = XCConfigurationList;
			buildConfigurations = (
				A49A1A5B298CB81E00A2BA28 /* Debug */,
				A49A1A5C298CB81E00A2BA28 /* Release */,
			);
			defaultConfigurationIsVisible = 0;
			defaultConfigurationName = Release;
		};
/* End XCConfigurationList section */
	};
	rootObject = A49A1A3E298CB81E00A2BA28 /* Project object */;
}
